
Microsoft Visual Studio Solution File, Format Version 12.00
# Visual Studio Version 16
VisualStudioVersion = 16.0.30611.23
MinimumVisualStudioVersion = 10.0.40219.1
Project("{FAE04EC0-301F-11D3-BF4B-00C04F79EFBC}") = "dotNET5781_01_6589_5401", "dotNET5781_01_6589_5401\dotNET5781_01_6589_5401.csproj", "{C97C8F78-4F11-4569-8816-9B3B49E75BAF}"
EndProject
Project("{FAE04EC0-301F-11D3-BF4B-00C04F79EFBC}") = "dotNET5781_02_6589_5401", "dotNET5781_02_6589_5401\dotNET5781_02_6589_5401.csproj", "{4CC1A59F-21A8-47E8-9096-C02CE1F7FEB6}"
EndProject
Project("{FAE04EC0-301F-11D3-BF4B-00C04F79EFBC}") = "dotNET5781_00_6589_5401", "dotNET5781_00_6589_5401\dotNET5781_00_6589_5401.csproj", "{315896DD-4B63-4CB9-A6C9-94D93F20E63E}"
EndProject
Project("{FAE04EC0-301F-11D3-BF4B-00C04F79EFBC}") = "dotNET5781_03A_6589_5401", "dotNET5781_03A_6589_5401\dotNET5781_03A_6589_5401.csproj", "{543CAE8B-A7EF-4B8C-9630-5C90260B73E2}"
EndProject
Project("{FAE04EC0-301F-11D3-BF4B-00C04F79EFBC}") = "dotNET5781_03B_6589_5401", "dotNET5781_03B_6589_5401\dotNET5781_03B_6589_5401.csproj", "{7BB53BF8-E537-4156-A6E2-C453B3A7C291}"
EndProject
Project("{FAE04EC0-301F-11D3-BF4B-00C04F79EFBC}") = "PL", "PL\PL.csproj", "{649B6607-1DD4-4701-AEBE-3985FD58B06D}"
EndProject
Project("{FAE04EC0-301F-11D3-BF4B-00C04F79EFBC}") = "temp", "temp\temp.csproj", "{17657F40-5A10-40AD-8F98-2E606513FC97}"
EndProject
Project("{FAE04EC0-301F-11D3-BF4B-00C04F79EFBC}") = "UItmp", "UItmp\UItmp.csproj", "{14FEFA80-34F0-44DE-A82A-5AA09EA87267}"
EndProject
Project("{2150E333-8FDC-42A3-9474-1A3956D46DE8}") = "Solution Items", "Solution Items", "{A45A1138-0639-4F30-BD1E-BF06A83F5088}"
	ProjectSection(SolutionItems) = preProject
		config.xml = config.xml
	EndProjectSection
EndProject
Project("{FAE04EC0-301F-11D3-BF4B-00C04F79EFBC}") = "BL", "BL\BL.csproj", "{8F1217F9-59A8-476F-B724-AE2D4A29EB52}"
EndProject
Project("{FAE04EC0-301F-11D3-BF4B-00C04F79EFBC}") = "DS", "DS\DS.csproj", "{B94FC133-3EBE-4FDE-836E-1215301B16BD}"
EndProject
Project("{FAE04EC0-301F-11D3-BF4B-00C04F79EFBC}") = "DalObject", "DalObject\DalObject.csproj", "{FBD268A3-2950-425D-A32B-F03E25A970F3}"
EndProject
Project("{FAE04EC0-301F-11D3-BF4B-00C04F79EFBC}") = "DLAPI", "DLAPI\DLAPI.csproj", "{3385C162-7E75-4D37-B66B-61D35C2F42FB}"
EndProject
Project("{FAE04EC0-301F-11D3-BF4B-00C04F79EFBC}") = "DalXml", "DalXml\DalXml.csproj", "{A61D515D-FA22-41DD-92C6-64A7FDF8F77F}"
EndProject
Global
	GlobalSection(SolutionConfigurationPlatforms) = preSolution
		Debug|Any CPU = Debug|Any CPU
		Release|Any CPU = Release|Any CPU
	EndGlobalSection
	GlobalSection(ProjectConfigurationPlatforms) = postSolution
		{C97C8F78-4F11-4569-8816-9B3B49E75BAF}.Debug|Any CPU.ActiveCfg = Debug|Any CPU
		{C97C8F78-4F11-4569-8816-9B3B49E75BAF}.Debug|Any CPU.Build.0 = Debug|Any CPU
		{C97C8F78-4F11-4569-8816-9B3B49E75BAF}.Release|Any CPU.ActiveCfg = Release|Any CPU
		{C97C8F78-4F11-4569-8816-9B3B49E75BAF}.Release|Any CPU.Build.0 = Release|Any CPU
		{4CC1A59F-21A8-47E8-9096-C02CE1F7FEB6}.Debug|Any CPU.ActiveCfg = Debug|Any CPU
		{4CC1A59F-21A8-47E8-9096-C02CE1F7FEB6}.Debug|Any CPU.Build.0 = Debug|Any CPU
		{4CC1A59F-21A8-47E8-9096-C02CE1F7FEB6}.Release|Any CPU.ActiveCfg = Release|Any CPU
		{4CC1A59F-21A8-47E8-9096-C02CE1F7FEB6}.Release|Any CPU.Build.0 = Release|Any CPU
		{315896DD-4B63-4CB9-A6C9-94D93F20E63E}.Debug|Any CPU.ActiveCfg = Debug|Any CPU
		{315896DD-4B63-4CB9-A6C9-94D93F20E63E}.Debug|Any CPU.Build.0 = Debug|Any CPU
		{315896DD-4B63-4CB9-A6C9-94D93F20E63E}.Release|Any CPU.ActiveCfg = Release|Any CPU
		{315896DD-4B63-4CB9-A6C9-94D93F20E63E}.Release|Any CPU.Build.0 = Release|Any CPU
		{543CAE8B-A7EF-4B8C-9630-5C90260B73E2}.Debug|Any CPU.ActiveCfg = Debug|Any CPU
		{543CAE8B-A7EF-4B8C-9630-5C90260B73E2}.Debug|Any CPU.Build.0 = Debug|Any CPU
		{543CAE8B-A7EF-4B8C-9630-5C90260B73E2}.Release|Any CPU.ActiveCfg = Release|Any CPU
		{543CAE8B-A7EF-4B8C-9630-5C90260B73E2}.Release|Any CPU.Build.0 = Release|Any CPU
		{7BB53BF8-E537-4156-A6E2-C453B3A7C291}.Debug|Any CPU.ActiveCfg = Debug|Any CPU
		{7BB53BF8-E537-4156-A6E2-C453B3A7C291}.Debug|Any CPU.Build.0 = Debug|Any CPU
		{7BB53BF8-E537-4156-A6E2-C453B3A7C291}.Release|Any CPU.ActiveCfg = Release|Any CPU
		{7BB53BF8-E537-4156-A6E2-C453B3A7C291}.Release|Any CPU.Build.0 = Release|Any CPU
		{649B6607-1DD4-4701-AEBE-3985FD58B06D}.Debug|Any CPU.ActiveCfg = Debug|Any CPU
		{649B6607-1DD4-4701-AEBE-3985FD58B06D}.Debug|Any CPU.Build.0 = Debug|Any CPU
		{649B6607-1DD4-4701-AEBE-3985FD58B06D}.Release|Any CPU.ActiveCfg = Release|Any CPU
		{649B6607-1DD4-4701-AEBE-3985FD58B06D}.Release|Any CPU.Build.0 = Release|Any CPU
		{17657F40-5A10-40AD-8F98-2E606513FC97}.Debug|Any CPU.ActiveCfg = Debug|Any CPU
		{17657F40-5A10-40AD-8F98-2E606513FC97}.Debug|Any CPU.Build.0 = Debug|Any CPU
		{17657F40-5A10-40AD-8F98-2E606513FC97}.Release|Any CPU.ActiveCfg = Release|Any CPU
		{17657F40-5A10-40AD-8F98-2E606513FC97}.Release|Any CPU.Build.0 = Release|Any CPU
		{14FEFA80-34F0-44DE-A82A-5AA09EA87267}.Debug|Any CPU.ActiveCfg = Debug|Any CPU
		{14FEFA80-34F0-44DE-A82A-5AA09EA87267}.Debug|Any CPU.Build.0 = Debug|Any CPU
		{14FEFA80-34F0-44DE-A82A-5AA09EA87267}.Release|Any CPU.ActiveCfg = Release|Any CPU
		{14FEFA80-34F0-44DE-A82A-5AA09EA87267}.Release|Any CPU.Build.0 = Release|Any CPU
		{8F1217F9-59A8-476F-B724-AE2D4A29EB52}.Debug|Any CPU.ActiveCfg = Debug|Any CPU
		{8F1217F9-59A8-476F-B724-AE2D4A29EB52}.Debug|Any CPU.Build.0 = Debug|Any CPU
		{8F1217F9-59A8-476F-B724-AE2D4A29EB52}.Release|Any CPU.ActiveCfg = Release|Any CPU
		{8F1217F9-59A8-476F-B724-AE2D4A29EB52}.Release|Any CPU.Build.0 = Release|Any CPU
		{B94FC133-3EBE-4FDE-836E-1215301B16BD}.Debug|Any CPU.ActiveCfg = Debug|Any CPU
		{B94FC133-3EBE-4FDE-836E-1215301B16BD}.Debug|Any CPU.Build.0 = Debug|Any CPU
		{B94FC133-3EBE-4FDE-836E-1215301B16BD}.Release|Any CPU.ActiveCfg = Release|Any CPU
		{B94FC133-3EBE-4FDE-836E-1215301B16BD}.Release|Any CPU.Build.0 = Release|Any CPU
		{FBD268A3-2950-425D-A32B-F03E25A970F3}.Debug|Any CPU.ActiveCfg = Debug|Any CPU
		{FBD268A3-2950-425D-A32B-F03E25A970F3}.Debug|Any CPU.Build.0 = Debug|Any CPU
		{FBD268A3-2950-425D-A32B-F03E25A970F3}.Release|Any CPU.ActiveCfg = Release|Any CPU
		{FBD268A3-2950-425D-A32B-F03E25A970F3}.Release|Any CPU.Build.0 = Release|Any CPU
		{3385C162-7E75-4D37-B66B-61D35C2F42FB}.Debug|Any CPU.ActiveCfg = Debug|Any CPU
		{3385C162-7E75-4D37-B66B-61D35C2F42FB}.Debug|Any CPU.Build.0 = Debug|Any CPU
		{3385C162-7E75-4D37-B66B-61D35C2F42FB}.Release|Any CPU.ActiveCfg = Release|Any CPU
		{3385C162-7E75-4D37-B66B-61D35C2F42FB}.Release|Any CPU.Build.0 = Release|Any CPU
		{A61D515D-FA22-41DD-92C6-64A7FDF8F77F}.Debug|Any CPU.ActiveCfg = Debug|Any CPU
		{A61D515D-FA22-41DD-92C6-64A7FDF8F77F}.Debug|Any CPU.Build.0 = Debug|Any CPU
		{A61D515D-FA22-41DD-92C6-64A7FDF8F77F}.Release|Any CPU.ActiveCfg = Release|Any CPU
		{A61D515D-FA22-41DD-92C6-64A7FDF8F77F}.Release|Any CPU.Build.0 = Release|Any CPU
	EndGlobalSection
	GlobalSection(SolutionProperties) = preSolution
		HideSolutionNode = FALSE
	EndGlobalSection
	GlobalSection(ExtensibilityGlobals) = postSolution
		SolutionGuid = {4E6DEA09-0B2E-4847-8D88-EEBC02EC15C6}
	EndGlobalSection
EndGlobal
